// !$*UTF8*$!
{
	archiveVersion = 1;
	classes = {
	};
	objectVersion = 46;
	objects = {

/* Begin PBXBuildFile section */
		3750C1471B4A9C6800B805AD /* main.m in Sources */ = {isa = PBXBuildFile; fileRef = 3750C1461B4A9C6800B805AD /* main.m */; };
		3750C14A1B4A9C6800B805AD /* AppDelegate.m in Sources */ = {isa = PBXBuildFile; fileRef = 3750C1491B4A9C6800B805AD /* AppDelegate.m */; };
		3750C14D1B4A9C6800B805AD /* ViewController.m in Sources */ = {isa = PBXBuildFile; fileRef = 3750C14C1B4A9C6800B805AD /* ViewController.m */; };
		3750C1501B4A9C6800B805AD /* Main.storyboard in Resources */ = {isa = PBXBuildFile; fileRef = 3750C14E1B4A9C6800B805AD /* Main.storyboard */; };
		3750C1521B4A9C6800B805AD /* Images.xcassets in Resources */ = {isa = PBXBuildFile; fileRef = 3750C1511B4A9C6800B805AD /* Images.xcassets */; };
		3750C1551B4A9C6800B805AD /* LaunchScreen.xib in Resources */ = {isa = PBXBuildFile; fileRef = 3750C1531B4A9C6800B805AD /* LaunchScreen.xib */; };
		3750C1611B4A9C6900B805AD /* ShowerIOSTests.m in Sources */ = {isa = PBXBuildFile; fileRef = 3750C1601B4A9C6900B805AD /* ShowerIOSTests.m */; };
		7700135203D253E13DA6BB55 /* libPods.a in Frameworks */ = {isa = PBXBuildFile; fileRef = B9CE0E5A4D503522C4D1BF26 /* libPods.a */; };
/* End PBXBuildFile section */

/* Begin PBXContainerItemProxy section */
		3750C15B1B4A9C6900B805AD /* PBXContainerItemProxy */ = {
			isa = PBXContainerItemProxy;
			containerPortal = 3750C1391B4A9C6800B805AD /* Project object */;
			proxyType = 1;
			remoteGlobalIDString = 3750C1401B4A9C6800B805AD;
			remoteInfo = ShowerIOS;
		};
/* End PBXContainerItemProxy section */

/* Begin PBXFileReference section */
		22D41DCE036F74898A10FDA1 /* Pods.release.xcconfig */ = {isa = PBXFileReference; includeInIndex = 1; lastKnownFileType = text.xcconfig; name = Pods.release.xcconfig; path = "Pods/Target Support Files/Pods/Pods.release.xcconfig"; sourceTree = "<group>"; };
		3750C1411B4A9C6800B805AD /* ShowerIOS.app */ = {isa = PBXFileReference; explicitFileType = wrapper.application; includeInIndex = 0; path = ShowerIOS.app; sourceTree = BUILT_PRODUCTS_DIR; };
		3750C1451B4A9C6800B805AD /* Info.plist */ = {isa = PBXFileReference; lastKnownFileType = text.plist.xml; path = Info.plist; sourceTree = "<group>"; };
		3750C1461B4A9C6800B805AD /* main.m */ = {isa = PBXFileReference; lastKnownFileType = sourcecode.c.objc; path = main.m; sourceTree = "<group>"; };
		3750C1481B4A9C6800B805AD /* AppDelegate.h */ = {isa = PBXFileReference; lastKnownFileType = sourcecode.c.h; path = AppDelegate.h; sourceTree = "<group>"; };
		3750C1491B4A9C6800B805AD /* AppDelegate.m */ = {isa = PBXFileReference; lastKnownFileType = sourcecode.c.objc; path = AppDelegate.m; sourceTree = "<group>"; };
		3750C14B1B4A9C6800B805AD /* ViewController.h */ = {isa = PBXFileReference; lastKnownFileType = sourcecode.c.h; path = ViewController.h; sourceTree = "<group>"; };
		3750C14C1B4A9C6800B805AD /* ViewController.m */ = {isa = PBXFileReference; lastKnownFileType = sourcecode.c.objc; path = ViewController.m; sourceTree = "<group>"; };
		3750C14F1B4A9C6800B805AD /* Base */ = {isa = PBXFileReference; lastKnownFileType = file.storyboard; name = Base; path = Base.lproj/Main.storyboard; sourceTree = "<group>"; };
		3750C1511B4A9C6800B805AD /* Images.xcassets */ = {isa = PBXFileReference; lastKnownFileType = folder.assetcatalog; path = Images.xcassets; sourceTree = "<group>"; };
		3750C1541B4A9C6800B805AD /* Base */ = {isa = PBXFileReference; lastKnownFileType = file.xib; name = Base; path = Base.lproj/LaunchScreen.xib; sourceTree = "<group>"; };
		3750C15A1B4A9C6900B805AD /* ShowerIOSTests.xctest */ = {isa = PBXFileReference; explicitFileType = wrapper.cfbundle; includeInIndex = 0; path = ShowerIOSTests.xctest; sourceTree = BUILT_PRODUCTS_DIR; };
		3750C15F1B4A9C6900B805AD /* Info.plist */ = {isa = PBXFileReference; lastKnownFileType = text.plist.xml; path = Info.plist; sourceTree = "<group>"; };
		3750C1601B4A9C6900B805AD /* ShowerIOSTests.m */ = {isa = PBXFileReference; lastKnownFileType = sourcecode.c.objc; path = ShowerIOSTests.m; sourceTree = "<group>"; };
		787A77640FD9D28E73FD9E95 /* Pods.debug.xcconfig */ = {isa = PBXFileReference; includeInIndex = 1; lastKnownFileType = text.xcconfig; name = Pods.debug.xcconfig; path = "Pods/Target Support Files/Pods/Pods.debug.xcconfig"; sourceTree = "<group>"; };
		B9CE0E5A4D503522C4D1BF26 /* libPods.a */ = {isa = PBXFileReference; explicitFileType = archive.ar; includeInIndex = 0; path = libPods.a; sourceTree = BUILT_PRODUCTS_DIR; };
/* End PBXFileReference section */

/* Begin PBXFrameworksBuildPhase section */
		3750C13E1B4A9C6800B805AD /* Frameworks */ = {
			isa = PBXFrameworksBuildPhase;
			buildActionMask = 2147483647;
			files = (
				7700135203D253E13DA6BB55 /* libPods.a in Frameworks */,
			);
			runOnlyForDeploymentPostprocessing = 0;
		};
		3750C1571B4A9C6900B805AD /* Frameworks */ = {
			isa = PBXFrameworksBuildPhase;
			buildActionMask = 2147483647;
			files = (
			);
			runOnlyForDeploymentPostprocessing = 0;
		};
/* End PBXFrameworksBuildPhase section */

/* Begin PBXGroup section */
		3750C1381B4A9C6800B805AD = {
			isa = PBXGroup;
			children = (
				3750C1431B4A9C6800B805AD /* ShowerIOS */,
				3750C15D1B4A9C6900B805AD /* ShowerIOSTests */,
				3750C1421B4A9C6800B805AD /* Products */,
				D0BCB4A1668B207F7AD25B9A /* Pods */,
				41E8D1105A20E3E1DA9D5182 /* Frameworks */,
			);
			sourceTree = "<group>";
		};
		3750C1421B4A9C6800B805AD /* Products */ = {
			isa = PBXGroup;
			children = (
				3750C1411B4A9C6800B805AD /* ShowerIOS.app */,
				3750C15A1B4A9C6900B805AD /* ShowerIOSTests.xctest */,
			);
			name = Products;
			sourceTree = "<group>";
		};
		3750C1431B4A9C6800B805AD /* ShowerIOS */ = {
			isa = PBXGroup;
			children = (
				3750C1481B4A9C6800B805AD /* AppDelegate.h */,
				3750C1491B4A9C6800B805AD /* AppDelegate.m */,
				3750C14B1B4A9C6800B805AD /* ViewController.h */,
				3750C14C1B4A9C6800B805AD /* ViewController.m */,
				3750C14E1B4A9C6800B805AD /* Main.storyboard */,
				3750C1511B4A9C6800B805AD /* Images.xcassets */,
				3750C1531B4A9C6800B805AD /* LaunchScreen.xib */,
				3750C1441B4A9C6800B805AD /* Supporting Files */,
			);
			path = ShowerIOS;
			sourceTree = "<group>";
		};
		3750C1441B4A9C6800B805AD /* Supporting Files */ = {
			isa = PBXGroup;
			children = (
				3750C1451B4A9C6800B805AD /* Info.plist */,
				3750C1461B4A9C6800B805AD /* main.m */,
			);
			name = "Supporting Files";
			sourceTree = "<group>";
		};
		3750C15D1B4A9C6900B805AD /* ShowerIOSTests */ = {
			isa = PBXGroup;
			children = (
				3750C1601B4A9C6900B805AD /* ShowerIOSTests.m */,
				3750C15E1B4A9C6900B805AD /* Supporting Files */,
			);
			path = ShowerIOSTests;
			sourceTree = "<group>";
		};
		3750C15E1B4A9C6900B805AD /* Supporting Files */ = {
			isa = PBXGroup;
			children = (
				3750C15F1B4A9C6900B805AD /* Info.plist */,
			);
			name = "Supporting Files";
			sourceTree = "<group>";
		};
		41E8D1105A20E3E1DA9D5182 /* Frameworks */ = {
			isa = PBXGroup;
			children = (
				B9CE0E5A4D503522C4D1BF26 /* libPods.a */,
			);
			name = Frameworks;
			sourceTree = "<group>";
		};
		D0BCB4A1668B207F7AD25B9A /* Pods */ = {
			isa = PBXGroup;
			children = (
				787A77640FD9D28E73FD9E95 /* Pods.debug.xcconfig */,
				22D41DCE036F74898A10FDA1 /* Pods.release.xcconfig */,
			);
			name = Pods;
			sourceTree = "<group>";
		};
/* End PBXGroup section */

/* Begin PBXNativeTarget section */
		3750C1401B4A9C6800B805AD /* ShowerIOS */ = {
			isa = PBXNativeTarget;
			buildConfigurationList = 3750C1641B4A9C6900B805AD /* Build configuration list for PBXNativeTarget "ShowerIOS" */;
			buildPhases = (
				EAEDB589C4A003A34733AA8D /* Check Pods Manifest.lock */,
				3750C13D1B4A9C6800B805AD /* Sources */,
				3750C13E1B4A9C6800B805AD /* Frameworks */,
				3750C13F1B4A9C6800B805AD /* Resources */,
				0067B1C3FA1FBEF3F0A3DC6C /* Copy Pods Resources */,
			);
			buildRules = (
			);
			dependencies = (
			);
			name = ShowerIOS;
			productName = ShowerIOS;
			productReference = 3750C1411B4A9C6800B805AD /* ShowerIOS.app */;
			productType = "com.apple.product-type.application";
		};
		3750C1591B4A9C6900B805AD /* ShowerIOSTests */ = {
			isa = PBXNativeTarget;
			buildConfigurationList = 3750C1671B4A9C6900B805AD /* Build configuration list for PBXNativeTarget "ShowerIOSTests" */;
			buildPhases = (
				3750C1561B4A9C6900B805AD /* Sources */,
				3750C1571B4A9C6900B805AD /* Frameworks */,
				3750C1581B4A9C6900B805AD /* Resources */,
			);
			buildRules = (
			);
			dependencies = (
				3750C15C1B4A9C6900B805AD /* PBXTargetDependency */,
			);
			name = ShowerIOSTests;
			productName = ShowerIOSTests;
			productReference = 3750C15A1B4A9C6900B805AD /* ShowerIOSTests.xctest */;
			productType = "com.apple.product-type.bundle.unit-test";
		};
/* End PBXNativeTarget section */

/* Begin PBXProject section */
		3750C1391B4A9C6800B805AD /* Project object */ = {
			isa = PBXProject;
			attributes = {
				LastUpgradeCheck = 0630;
				ORGANIZATIONNAME = wj;
				TargetAttributes = {
					3750C1401B4A9C6800B805AD = {
						CreatedOnToolsVersion = 6.3.1;
					};
					3750C1591B4A9C6900B805AD = {
						CreatedOnToolsVersion = 6.3.1;
						TestTargetID = 3750C1401B4A9C6800B805AD;
					};
				};
			};
			buildConfigurationList = 3750C13C1B4A9C6800B805AD /* Build configuration list for PBXProject "ShowerIOS" */;
			compatibilityVersion = "Xcode 3.2";
			developmentRegion = English;
			hasScannedForEncodings = 0;
			knownRegions = (
				en,
				Base,
			);
			mainGroup = 3750C1381B4A9C6800B805AD;
			productRefGroup = 3750C1421B4A9C6800B805AD /* Products */;
			projectDirPath = "";
			projectRoot = "";
			targets = (
				3750C1401B4A9C6800B805AD /* ShowerIOS */,
				3750C1591B4A9C6900B805AD /* ShowerIOSTests */,
			);
		};
/* End PBXProject section */

/* Begin PBXResourcesBuildPhase section */
		3750C13F1B4A9C6800B805AD /* Resources */ = {
			isa = PBXResourcesBuildPhase;
			buildActionMask = 2147483647;
			files = (
				3750C1501B4A9C6800B805AD /* Main.storyboard in Resources */,
				3750C1551B4A9C6800B805AD /* LaunchScreen.xib in Resources */,
				3750C1521B4A9C6800B805AD /* Images.xcassets in Resources */,
			);
			runOnlyForDeploymentPostprocessing = 0;
		};
		3750C1581B4A9C6900B805AD /* Resources */ = {
			isa = PBXResourcesBuildPhase;
			buildActionMask = 2147483647;
			files = (
			);
			runOnlyForDeploymentPostprocessing = 0;
		};
/* End PBXResourcesBuildPhase section */

/* Begin PBXShellScriptBuildPhase section */
		0067B1C3FA1FBEF3F0A3DC6C /* Copy Pods Resources */ = {
			isa = PBXShellScriptBuildPhase;
			buildActionMask = 2147483647;
			files = (
			);
			inputPaths = (
			);
			name = "Copy Pods Resources";
			outputPaths = (
			);
			runOnlyForDeploymentPostprocessing = 0;
			shellPath = /bin/sh;
			shellScript = "\"${SRCROOT}/Pods/Target Support Files/Pods/Pods-resources.sh\"\n";
			showEnvVarsInLog = 0;
		};
		EAEDB589C4A003A34733AA8D /* Check Pods Manifest.lock */ = {
			isa = PBXShellScriptBuildPhase;
			buildActionMask = 2147483647;
			files = (
			);
			inputPaths = (
			);
			name = "Check Pods Manifest.lock";
			outputPaths = (
			);
			runOnlyForDeploymentPostprocessing = 0;
			shellPath = /bin/sh;
			shellScript = "diff \"${PODS_ROOT}/../Podfile.lock\" \"${PODS_ROOT}/Manifest.lock\" > /dev/null\nif [[ $? != 0 ]] ; then\n    cat << EOM\nerror: The sandbox is not in sync with the Podfile.lock. Run 'pod install' or update your CocoaPods installation.\nEOM\n    exit 1\nfi\n";
			showEnvVarsInLog = 0;
		};
/* End PBXShellScriptBuildPhase section */

/* Begin PBXSourcesBuildPhase section */
		3750C13D1B4A9C6800B805AD /* Sources */ = {
			isa = PBXSourcesBuildPhase;
			buildActionMask = 2147483647;
			files = (
				3750C14D1B4A9C6800B805AD /* ViewController.m in Sources */,
				3750C14A1B4A9C6800B805AD /* AppDelegate.m in Sources */,
				3750C1471B4A9C6800B805AD /* main.m in Sources */,
			);
			runOnlyForDeploymentPostprocessing = 0;
		};
		3750C1561B4A9C6900B805AD /* Sources */ = {
			isa = PBXSourcesBuildPhase;
			buildActionMask = 2147483647;
			files = (
				3750C1611B4A9C6900B805AD /* ShowerIOSTests.m in Sources */,
			);
			runOnlyForDeploymentPostprocessing = 0;
		};
/* End PBXSourcesBuildPhase section */

/* Begin PBXTargetDependency section */
		3750C15C1B4A9C6900B805AD /* PBXTargetDependency */ = {
			isa = PBXTargetDependency;
			target = 3750C1401B4A9C6800B805AD /* ShowerIOS */;
			targetProxy = 3750C15B1B4A9C6900B805AD /* PBXContainerItemProxy */;
		};
/* End PBXTargetDependency section */

/* Begin PBXVariantGroup section */
		3750C14E1B4A9C6800B805AD /* Main.storyboard */ = {
			isa = PBXVariantGroup;
			children = (
				3750C14F1B4A9C6800B805AD /* Base */,
			);
			name = Main.storyboard;
			sourceTree = "<group>";
		};
		3750C1531B4A9C6800B805AD /* LaunchScreen.xib */ = {
			isa = PBXVariantGroup;
			children = (
				3750C1541B4A9C6800B805AD /* Base */,
			);
			name = LaunchScreen.xib;
			sourceTree = "<group>";
		};
/* End PBXVariantGroup section */

/* Begin XCBuildConfiguration section */
		3750C1621B4A9C6900B805AD /* Debug */ = {
			isa = XCBuildConfiguration;
			buildSettings = {
				ALWAYS_SEARCH_USER_PATHS = NO;
				CLANG_CXX_LANGUAGE_STANDARD = "gnu++0x";
				CLANG_CXX_LIBRARY = "libc++";
				CLANG_ENABLE_MODULES = YES;
				CLANG_ENABLE_OBJC_ARC = YES;
				CLANG_WARN_BOOL_CONVERSION = YES;
				CLANG_WARN_CONSTANT_CONVERSION = YES;
				CLANG_WARN_DIRECT_OBJC_ISA_USAGE = YES_ERROR;
				CLANG_WARN_EMPTY_BODY = YES;
				CLANG_WARN_ENUM_CONVERSION = YES;
				CLANG_WARN_INT_CONVERSION = YES;
				CLANG_WARN_OBJC_ROOT_CLASS = YES_ERROR;
				CLANG_WARN_UNREACHABLE_CODE = YES;
				CLANG_WARN__DUPLICATE_METHOD_MATCH = YES;
				"CODE_SIGN_IDENTITY[sdk=iphoneos*]" = "iPhone Developer";
				COPY_PHASE_STRIP = NO;
				DEBUG_INFORMATION_FORMAT = "dwarf-with-dsym";
				ENABLE_STRICT_OBJC_MSGSEND = YES;
				GCC_C_LANGUAGE_STANDARD = gnu99;
				GCC_DYNAMIC_NO_PIC = NO;
				GCC_NO_COMMON_BLOCKS = YES;
				GCC_OPTIMIZATION_LEVEL = 0;
				GCC_PREPROCESSOR_DEFINITIONS = (
					"DEBUG=1",
					"$(inherited)",
				);
				GCC_SYMBOLS_PRIVATE_EXTERN = NO;
				GCC_WARN_64_TO_32_BIT_CONVERSION = YES;
				GCC_WARN_ABOUT_RETURN_TYPE = YES_ERROR;
				GCC_WARN_UNDECLARED_SELECTOR = YES;
				GCC_WARN_UNINITIALIZED_AUTOS = YES_AGGRESSIVE;
				GCC_WARN_UNUSED_FUNCTION = YES;
				GCC_WARN_UNUSED_VARIABLE = YES;
				IPHONEOS_DEPLOYMENT_TARGET = 8.0;
				MTL_ENABLE_DEBUG_INFO = YES;
				ONLY_ACTIVE_ARCH = YES;
				SDKROOT = iphoneos;
			};
			name = Debug;
		};
		3750C1631B4A9C6900B805AD /* Release */ = {
			isa = XCBuildConfiguration;
			buildSettings = {
				ALWAYS_SEARCH_USER_PATHS = NO;
				CLANG_CXX_LANGUAGE_STANDARD = "gnu++0x";
				CLANG_CXX_LIBRARY = "libc++";
				CLANG_ENABLE_MODULES = YES;
				CLANG_ENABLE_OBJC_ARC = YES;
				CLANG_WARN_BOOL_CONVERSION = YES;
				CLANG_WARN_CONSTANT_CONVERSION = YES;
				CLANG_WARN_DIRECT_OBJC_ISA_USAGE = YES_ERROR;
				CLANG_WARN_EMPTY_BODY = YES;
				CLANG_WARN_ENUM_CONVERSION = YES;
				CLANG_WARN_INT_CONVERSION = YES;
				CLANG_WARN_OBJC_ROOT_CLASS = YES_ERROR;
				CLANG_WARN_UNREACHABLE_CODE = YES;
				CLANG_WARN__DUPLICATE_METHOD_MATCH = YES;
				"CODE_SIGN_IDENTITY[sdk=iphoneos*]" = "iPhone Developer";
				COPY_PHASE_STRIP = NO;
				DEBUG_INFORMATION_FORMAT = "dwarf-with-dsym";
				ENABLE_NS_ASSERTIONS = NO;
				ENABLE_STRICT_OBJC_MSGSEND = YES;
				GCC_C_LANGUAGE_STANDARD = gnu99;
				GCC_NO_COMMON_BLOCKS = YES;
				GCC_WARN_64_TO_32_BIT_CONVERSION = YES;
				GCC_WARN_ABOUT_RETURN_TYPE = YES_ERROR;
				GCC_WARN_UNDECLARED_SELECTOR = YES;
				GCC_WARN_UNINITIALIZED_AUTOS = YES_AGGRESSIVE;
				GCC_WARN_UNUSED_FUNCTION = YES;
				GCC_WARN_UNUSED_VARIABLE = YES;
				IPHONEOS_DEPLOYMENT_TARGET = 8.0;
				MTL_ENABLE_DEBUG_INFO = NO;
				SDKROOT = iphoneos;
				VALIDATE_PRODUCT = YES;
			};
			name = Release;
		};
		3750C1651B4A9C6900B805AD /* Debug */ = {
			isa = XCBuildConfiguration;
			baseConfigurationReference = 787A77640FD9D28E73FD9E95 /* Pods.debug.xcconfig */;
			buildSettings = {
				ASSETCATALOG_COMPILER_APPICON_NAME = AppIcon;
				INFOPLIST_FILE = ShowerIOS/Info.plist;
				LD_RUNPATH_SEARCH_PATHS = "$(inherited) @executable_path/Frameworks";
				PRODUCT_NAME = "$(TARGET_NAME)";
			};
			name = Debug;
		};
		3750C1661B4A9C6900B805AD /* Release */ = {
			isa = XCBuildConfiguration;
			baseConfigurationReference = 22D41DCE036F74898A10FDA1 /* Pods.release.xcconfig */;
			buildSettings = {
				ASSETCATALOG_COMPILER_APPICON_NAME = AppIcon;
				INFOPLIST_FILE = ShowerIOS/Info.plist;
				LD_RUNPATH_SEARCH_PATHS = "$(inherited) @executable_path/Frameworks";
				PRODUCT_NAME = "$(TARGET_NAME)";
			};
			name = Release;
		};
		3750C1681B4A9C6900B805AD /* Debug */ = {
			isa = XCBuildConfiguration;
			buildSettings = {
				BUNDLE_LOADER = "$(TEST_HOST)";
				FRAMEWORK_SEARCH_PATHS = (
					"$(SDKROOT)/Developer/Library/Frameworks",
					"$(inherited)",
				);
				GCC_PREPROCESSOR_DEFINITIONS = (
					"DEBUG=1",
					"$(inherited)",
				);
				INFOPLIST_FILE = ShowerIOSTests/Info.plist;
				LD_RUNPATH_SEARCH_PATHS = "$(inherited) @executable_path/Frameworks @loader_path/Frameworks";
				PRODUCT_NAME = "$(TARGET_NAME)";
				TEST_HOST = "$(BUILT_PRODUCTS_DIR)/ShowerIOS.app/ShowerIOS";
			};
			name = Debug;
		};
		3750C1691B4A9C6900B805AD /* Release */ = {
			isa = XCBuildConfiguration;
			buildSettings = {
				BUNDLE_LOADER = "$(TEST_HOST)";
				FRAMEWORK_SEARCH_PATHS = (
					"$(SDKROOT)/Developer/Library/Frameworks",
					"$(inherited)",
				);
				INFOPLIST_FILE = ShowerIOSTests/Info.plist;
				LD_RUNPATH_SEARCH_PATHS = "$(inherited) @executable_path/Frameworks @loader_path/Frameworks";
				PRODUCT_NAME = "$(TARGET_NAME)";
				TEST_HOST = "$(BUILT_PRODUCTS_DIR)/ShowerIOS.app/ShowerIOS";
			};
			name = Release;
		};
/* End XCBuildConfiguration section */

/* Begin XCConfigurationList section */
		3750C13C1B4A9C6800B805AD /* Build configuration list for PBXProject "ShowerIOS" */ = {
			isa = XCConfigurationList;
			buildConfigurations = (
				3750C1621B4A9C6900B805AD /* Debug */,
				3750C1631B4A9C6900B805AD /* Release */,
			);
			defaultConfigurationIsVisible = 0;
			defaultConfigurationName = Release;
		};
		3750C1641B4A9C6900B805AD /* Build configuration list for PBXNativeTarget "ShowerIOS" */ = {
			isa = XCConfigurationList;
			buildConfigurations = (
				3750C1651B4A9C6900B805AD /* Debug */,
				3750C1661B4A9C6900B805AD /* Release */,
			);
			defaultConfigurationIsVisible = 0;
			defaultConfigurationName = Release;
		};
		3750C1671B4A9C6900B805AD /* Build configuration list for PBXNativeTarget "ShowerIOSTests" */ = {
			isa = XCConfigurationList;
			buildConfigurations = (
				3750C1681B4A9C6900B805AD /* Debug */,
				3750C1691B4A9C6900B805AD /* Release */,
			);
			defaultConfigurationIsVisible = 0;
			defaultConfigurationName = Release;
		};
/* End XCConfigurationList section */
	};
	rootObject = 3750C1391B4A9C6800B805AD /* Project object */;
}
